// !$*UTF8*$!
{
	archiveVersion = 1;
	classes = {
	};
	objectVersion = 46;
	objects = {

/* Begin PBXBuildFile section */
		9AA326151BBDF31C00AEF4E1 /* main.m in Sources */ = {isa = PBXBuildFile; fileRef = 9AA326141BBDF31C00AEF4E1 /* main.m */; };
		9AA326181BBDF31C00AEF4E1 /* AppDelegate.m in Sources */ = {isa = PBXBuildFile; fileRef = 9AA326171BBDF31C00AEF4E1 /* AppDelegate.m */; };
		9AA3261E1BBDF31C00AEF4E1 /* Main.storyboard in Resources */ = {isa = PBXBuildFile; fileRef = 9AA3261C1BBDF31C00AEF4E1 /* Main.storyboard */; };
		9AA326211BBDF31C00AEF4E1 /* MovieDemo.xcdatamodeld in Sources */ = {isa = PBXBuildFile; fileRef = 9AA3261F1BBDF31C00AEF4E1 /* MovieDemo.xcdatamodeld */; };
		9AA326231BBDF31C00AEF4E1 /* Assets.xcassets in Resources */ = {isa = PBXBuildFile; fileRef = 9AA326221BBDF31C00AEF4E1 /* Assets.xcassets */; };
		9AA3262F1BBDF3A800AEF4E1 /* MoviesViewController.m in Sources */ = {isa = PBXBuildFile; fileRef = 9AA3262E1BBDF3A800AEF4E1 /* MoviesViewController.m */; settings = {ASSET_TAGS = (); }; };
		9AA326341BBDFAE600AEF4E1 /* Movies+CoreDataProperties.m in Sources */ = {isa = PBXBuildFile; fileRef = 9AA326311BBDFAE600AEF4E1 /* Movies+CoreDataProperties.m */; settings = {ASSET_TAGS = (); }; };
		9AA326351BBDFAE600AEF4E1 /* Movies.m in Sources */ = {isa = PBXBuildFile; fileRef = 9AA326331BBDFAE600AEF4E1 /* Movies.m */; settings = {ASSET_TAGS = (); }; };
		9AA3263A1BBE015E00AEF4E1 /* Categories+CoreDataProperties.m in Sources */ = {isa = PBXBuildFile; fileRef = 9AA326371BBE015E00AEF4E1 /* Categories+CoreDataProperties.m */; settings = {ASSET_TAGS = (); }; };
		9AA3263B1BBE015E00AEF4E1 /* Categories.m in Sources */ = {isa = PBXBuildFile; fileRef = 9AA326391BBE015E00AEF4E1 /* Categories.m */; settings = {ASSET_TAGS = (); }; };
		9AA3263F1BBE06A900AEF4E1 /* MovieTableViewCell.m in Sources */ = {isa = PBXBuildFile; fileRef = 9AA3263E1BBE06A900AEF4E1 /* MovieTableViewCell.m */; settings = {ASSET_TAGS = (); }; };
		9AA326451BBE0D4E00AEF4E1 /* EDStarRating.m in Sources */ = {isa = PBXBuildFile; fileRef = 9AA326441BBE0D4E00AEF4E1 /* EDStarRating.m */; settings = {ASSET_TAGS = (); }; };
/* End PBXBuildFile section */

/* Begin PBXFileReference section */
		9AA326101BBDF31C00AEF4E1 /* MovieDemo.app */ = {isa = PBXFileReference; explicitFileType = wrapper.application; includeInIndex = 0; path = MovieDemo.app; sourceTree = BUILT_PRODUCTS_DIR; };
		9AA326141BBDF31C00AEF4E1 /* main.m */ = {isa = PBXFileReference; lastKnownFileType = sourcecode.c.objc; path = main.m; sourceTree = "<group>"; };
		9AA326161BBDF31C00AEF4E1 /* AppDelegate.h */ = {isa = PBXFileReference; lastKnownFileType = sourcecode.c.h; path = AppDelegate.h; sourceTree = "<group>"; };
		9AA326171BBDF31C00AEF4E1 /* AppDelegate.m */ = {isa = PBXFileReference; lastKnownFileType = sourcecode.c.objc; path = AppDelegate.m; sourceTree = "<group>"; };
		9AA3261D1BBDF31C00AEF4E1 /* Base */ = {isa = PBXFileReference; lastKnownFileType = file.storyboard; name = Base; path = Base.lproj/Main.storyboard; sourceTree = "<group>"; };
		9AA326201BBDF31C00AEF4E1 /* MovieDemo.xcdatamodel */ = {isa = PBXFileReference; lastKnownFileType = wrapper.xcdatamodel; path = MovieDemo.xcdatamodel; sourceTree = "<group>"; };
		9AA326221BBDF31C00AEF4E1 /* Assets.xcassets */ = {isa = PBXFileReference; lastKnownFileType = folder.assetcatalog; path = Assets.xcassets; sourceTree = "<group>"; };
		9AA326271BBDF31C00AEF4E1 /* Info.plist */ = {isa = PBXFileReference; lastKnownFileType = text.plist.xml; path = Info.plist; sourceTree = "<group>"; };
		9AA3262D1BBDF3A800AEF4E1 /* MoviesViewController.h */ = {isa = PBXFileReference; fileEncoding = 4; lastKnownFileType = sourcecode.c.h; path = MoviesViewController.h; sourceTree = "<group>"; };
		9AA3262E1BBDF3A800AEF4E1 /* MoviesViewController.m */ = {isa = PBXFileReference; fileEncoding = 4; lastKnownFileType = sourcecode.c.objc; path = MoviesViewController.m; sourceTree = "<group>"; };
		9AA326301BBDFAE600AEF4E1 /* Movies+CoreDataProperties.h */ = {isa = PBXFileReference; fileEncoding = 4; lastKnownFileType = sourcecode.c.h; path = "Movies+CoreDataProperties.h"; sourceTree = "<group>"; };
		9AA326311BBDFAE600AEF4E1 /* Movies+CoreDataProperties.m */ = {isa = PBXFileReference; fileEncoding = 4; lastKnownFileType = sourcecode.c.objc; path = "Movies+CoreDataProperties.m"; sourceTree = "<group>"; };
		9AA326321BBDFAE600AEF4E1 /* Movies.h */ = {isa = PBXFileReference; fileEncoding = 4; lastKnownFileType = sourcecode.c.h; path = Movies.h; sourceTree = "<group>"; };
		9AA326331BBDFAE600AEF4E1 /* Movies.m */ = {isa = PBXFileReference; fileEncoding = 4; lastKnownFileType = sourcecode.c.objc; path = Movies.m; sourceTree = "<group>"; };
		9AA326361BBE015E00AEF4E1 /* Categories+CoreDataProperties.h */ = {isa = PBXFileReference; fileEncoding = 4; lastKnownFileType = sourcecode.c.h; path = "Categories+CoreDataProperties.h"; sourceTree = "<group>"; };
		9AA326371BBE015E00AEF4E1 /* Categories+CoreDataProperties.m */ = {isa = PBXFileReference; fileEncoding = 4; lastKnownFileType = sourcecode.c.objc; path = "Categories+CoreDataProperties.m"; sourceTree = "<group>"; };
		9AA326381BBE015E00AEF4E1 /* Categories.h */ = {isa = PBXFileReference; fileEncoding = 4; lastKnownFileType = sourcecode.c.h; path = Categories.h; sourceTree = "<group>"; };
		9AA326391BBE015E00AEF4E1 /* Categories.m */ = {isa = PBXFileReference; fileEncoding = 4; lastKnownFileType = sourcecode.c.objc; path = Categories.m; sourceTree = "<group>"; };
		9AA3263D1BBE06A900AEF4E1 /* MovieTableViewCell.h */ = {isa = PBXFileReference; fileEncoding = 4; lastKnownFileType = sourcecode.c.h; path = MovieTableViewCell.h; sourceTree = "<group>"; };
		9AA3263E1BBE06A900AEF4E1 /* MovieTableViewCell.m */ = {isa = PBXFileReference; fileEncoding = 4; lastKnownFileType = sourcecode.c.objc; path = MovieTableViewCell.m; sourceTree = "<group>"; };
		9AA326431BBE0D3E00AEF4E1 /* EDStarRating.h */ = {isa = PBXFileReference; lastKnownFileType = sourcecode.c.h; path = EDStarRating.h; sourceTree = "<group>"; };
		9AA326441BBE0D4E00AEF4E1 /* EDStarRating.m */ = {isa = PBXFileReference; fileEncoding = 4; lastKnownFileType = sourcecode.c.objc; path = EDStarRating.m; sourceTree = "<group>"; };
/* End PBXFileReference section */

/* Begin PBXFrameworksBuildPhase section */
		9AA3260D1BBDF31C00AEF4E1 /* Frameworks */ = {
			isa = PBXFrameworksBuildPhase;
			buildActionMask = 2147483647;
			files = (
			);
			runOnlyForDeploymentPostprocessing = 0;
		};
/* End PBXFrameworksBuildPhase section */

/* Begin PBXGroup section */
		9AA326071BBDF31C00AEF4E1 = {
			isa = PBXGroup;
			children = (
				9AA326121BBDF31C00AEF4E1 /* MovieDemo */,
				9AA326111BBDF31C00AEF4E1 /* Products */,
			);
			sourceTree = "<group>";
		};
		9AA326111BBDF31C00AEF4E1 /* Products */ = {
			isa = PBXGroup;
			children = (
				9AA326101BBDF31C00AEF4E1 /* MovieDemo.app */,
			);
			name = Products;
			sourceTree = "<group>";
		};
		9AA326121BBDF31C00AEF4E1 /* MovieDemo */ = {
			isa = PBXGroup;
			children = (
				9AA326421BBE0D3100AEF4E1 /* EdStarRating */,
				9AA3263C1BBE067100AEF4E1 /* TableViewCell */,
				9AA326161BBDF31C00AEF4E1 /* AppDelegate.h */,
				9AA326171BBDF31C00AEF4E1 /* AppDelegate.m */,
				9AA3261C1BBDF31C00AEF4E1 /* Main.storyboard */,
				9AA326361BBE015E00AEF4E1 /* Categories+CoreDataProperties.h */,
				9AA326371BBE015E00AEF4E1 /* Categories+CoreDataProperties.m */,
				9AA326381BBE015E00AEF4E1 /* Categories.h */,
				9AA326391BBE015E00AEF4E1 /* Categories.m */,
				9AA326221BBDF31C00AEF4E1 /* Assets.xcassets */,
				9AA326271BBDF31C00AEF4E1 /* Info.plist */,
				9AA3261F1BBDF31C00AEF4E1 /* MovieDemo.xcdatamodeld */,
				9AA326301BBDFAE600AEF4E1 /* Movies+CoreDataProperties.h */,
				9AA326311BBDFAE600AEF4E1 /* Movies+CoreDataProperties.m */,
				9AA326321BBDFAE600AEF4E1 /* Movies.h */,
				9AA326331BBDFAE600AEF4E1 /* Movies.m */,
				9AA326131BBDF31C00AEF4E1 /* Supporting Files */,
				9AA3262D1BBDF3A800AEF4E1 /* MoviesViewController.h */,
				9AA3262E1BBDF3A800AEF4E1 /* MoviesViewController.m */,
			);
			path = MovieDemo;
			sourceTree = "<group>";
		};
		9AA326131BBDF31C00AEF4E1 /* Supporting Files */ = {
			isa = PBXGroup;
			children = (
				9AA326141BBDF31C00AEF4E1 /* main.m */,
			);
			name = "Supporting Files";
			sourceTree = "<group>";
		};
		9AA3263C1BBE067100AEF4E1 /* TableViewCell */ = {
			isa = PBXGroup;
			children = (
				9AA3263D1BBE06A900AEF4E1 /* MovieTableViewCell.h */,
				9AA3263E1BBE06A900AEF4E1 /* MovieTableViewCell.m */,
			);
			name = TableViewCell;
			sourceTree = "<group>";
		};
		9AA326421BBE0D3100AEF4E1 /* EdStarRating */ = {
			isa = PBXGroup;
			children = (
				9AA326431BBE0D3E00AEF4E1 /* EDStarRating.h */,
				9AA326441BBE0D4E00AEF4E1 /* EDStarRating.m */,
			);
			name = EdStarRating;
			sourceTree = "<group>";
		};
/* End PBXGroup section */

/* Begin PBXNativeTarget section */
		9AA3260F1BBDF31C00AEF4E1 /* MovieDemo */ = {
			isa = PBXNativeTarget;
			buildConfigurationList = 9AA3262A1BBDF31C00AEF4E1 /* Build configuration list for PBXNativeTarget "MovieDemo" */;
			buildPhases = (
				9AA3260C1BBDF31C00AEF4E1 /* Sources */,
				9AA3260D1BBDF31C00AEF4E1 /* Frameworks */,
				9AA3260E1BBDF31C00AEF4E1 /* Resources */,
			);
			buildRules = (
			);
			dependencies = (
			);
			name = MovieDemo;
			productName = MovieDemo;
			productReference = 9AA326101BBDF31C00AEF4E1 /* MovieDemo.app */;
			productType = "com.apple.product-type.application";
		};
/* End PBXNativeTarget section */

/* Begin PBXProject section */
		9AA326081BBDF31C00AEF4E1 /* Project object */ = {
			isa = PBXProject;
			attributes = {
				LastUpgradeCheck = 0700;
				ORGANIZATIONNAME = "Hugo Aguero";
				TargetAttributes = {
					9AA3260F1BBDF31C00AEF4E1 = {
						CreatedOnToolsVersion = 7.0;
					};
				};
			};
			buildConfigurationList = 9AA3260B1BBDF31C00AEF4E1 /* Build configuration list for PBXProject "MovieDemo" */;
			compatibilityVersion = "Xcode 3.2";
			developmentRegion = English;
			hasScannedForEncodings = 0;
			knownRegions = (
				en,
				Base,
			);
			mainGroup = 9AA326071BBDF31C00AEF4E1;
			productRefGroup = 9AA326111BBDF31C00AEF4E1 /* Products */;
			projectDirPath = "";
			projectRoot = "";
			targets = (
				9AA3260F1BBDF31C00AEF4E1 /* MovieDemo */,
			);
		};
/* End PBXProject section */

/* Begin PBXResourcesBuildPhase section */
		9AA3260E1BBDF31C00AEF4E1 /* Resources */ = {
			isa = PBXResourcesBuildPhase;
			buildActionMask = 2147483647;
			files = (
				9AA326231BBDF31C00AEF4E1 /* Assets.xcassets in Resources */,
				9AA3261E1BBDF31C00AEF4E1 /* Main.storyboard in Resources */,
			);
			runOnlyForDeploymentPostprocessing = 0;
		};
/* End PBXResourcesBuildPhase section */

/* Begin PBXSourcesBuildPhase section */
		9AA3260C1BBDF31C00AEF4E1 /* Sources */ = {
			isa = PBXSourcesBuildPhase;
			buildActionMask = 2147483647;
			files = (
				9AA326351BBDFAE600AEF4E1 /* Movies.m in Sources */,
				9AA326181BBDF31C00AEF4E1 /* AppDelegate.m in Sources */,
				9AA326151BBDF31C00AEF4E1 /* main.m in Sources */,
				9AA326211BBDF31C00AEF4E1 /* MovieDemo.xcdatamodeld in Sources */,
				9AA3263F1BBE06A900AEF4E1 /* MovieTableViewCell.m in Sources */,
				9AA326341BBDFAE600AEF4E1 /* Movies+CoreDataProperties.m in Sources */,
				9AA3263B1BBE015E00AEF4E1 /* Categories.m in Sources */,
				9AA326451BBE0D4E00AEF4E1 /* EDStarRating.m in Sources */,
				9AA3262F1BBDF3A800AEF4E1 /* MoviesViewController.m in Sources */,
				9AA3263A1BBE015E00AEF4E1 /* Categories+CoreDataProperties.m in Sources */,
			);
			runOnlyForDeploymentPostprocessing = 0;
		};
/* End PBXSourcesBuildPhase section */

/* Begin PBXVariantGroup section */
		9AA3261C1BBDF31C00AEF4E1 /* Main.storyboard */ = {
			isa = PBXVariantGroup;
			children = (
				9AA3261D1BBDF31C00AEF4E1 /* Base */,
			);
			name = Main.storyboard;
			sourceTree = "<group>";
		};
/* End PBXVariantGroup section */

/* Begin XCBuildConfiguration section */
		9AA326281BBDF31C00AEF4E1 /* Debug */ = {
			isa = XCBuildConfiguration;
			buildSettings = {
				ALWAYS_SEARCH_USER_PATHS = NO;
				CLANG_CXX_LANGUAGE_STANDARD = "gnu++0x";
				CLANG_CXX_LIBRARY = "libc++";
				CLANG_ENABLE_MODULES = YES;
				CLANG_ENABLE_OBJC_ARC = YES;
				CLANG_WARN_BOOL_CONVERSION = YES;
				CLANG_WARN_CONSTANT_CONVERSION = YES;
				CLANG_WARN_DIRECT_OBJC_ISA_USAGE = YES_ERROR;
				CLANG_WARN_EMPTY_BODY = YES;
				CLANG_WARN_ENUM_CONVERSION = YES;
				CLANG_WARN_INT_CONVERSION = YES;
				CLANG_WARN_OBJC_ROOT_CLASS = YES_ERROR;
				CLANG_WARN_UNREACHABLE_CODE = YES;
				CLANG_WARN__DUPLICATE_METHOD_MATCH = YES;
				"CODE_SIGN_IDENTITY[sdk=iphoneos*]" = "iPhone Developer";
				COPY_PHASE_STRIP = NO;
				DEBUG_INFORMATION_FORMAT = dwarf;
				ENABLE_STRICT_OBJC_MSGSEND = YES;
				ENABLE_TESTABILITY = YES;
				GCC_C_LANGUAGE_STANDARD = gnu99;
				GCC_DYNAMIC_NO_PIC = NO;
				GCC_NO_COMMON_BLOCKS = YES;
				GCC_OPTIMIZATION_LEVEL = 0;
				GCC_PREPROCESSOR_DEFINITIONS = (
					"DEBUG=1",
					"$(inherited)",
				);
				GCC_WARN_64_TO_32_BIT_CONVERSION = YES;
				GCC_WARN_ABOUT_RETURN_TYPE = YES_ERROR;
				GCC_WARN_UNDECLARED_SELECTOR = YES;
				GCC_WARN_UNINITIALIZED_AUTOS = YES_AGGRESSIVE;
				GCC_WARN_UNUSED_FUNCTION = YES;
				GCC_WARN_UNUSED_VARIABLE = YES;
				IPHONEOS_DEPLOYMENT_TARGET = 9.0;
				MTL_ENABLE_DEBUG_INFO = YES;
				ONLY_ACTIVE_ARCH = YES;
				SDKROOT = iphoneos;
				TARGETED_DEVICE_FAMILY = "1,2";
			};
			name = Debug;
		};
		9AA326291BBDF31C00AEF4E1 /* Release */ = {
			isa = XCBuildConfiguration;
			buildSettings = {
				ALWAYS_SEARCH_USER_PATHS = NO;
				CLANG_CXX_LANGUAGE_STANDARD = "gnu++0x";
				CLANG_CXX_LIBRARY = "libc++";
				CLANG_ENABLE_MODULES = YES;
				CLANG_ENABLE_OBJC_ARC = YES;
				CLANG_WARN_BOOL_CONVERSION = YES;
				CLANG_WARN_CONSTANT_CONVERSION = YES;
				CLANG_WARN_DIRECT_OBJC_ISA_USAGE = YES_ERROR;
				CLANG_WARN_EMPTY_BODY = YES;
				CLANG_WARN_ENUM_CONVERSION = YES;
				CLANG_WARN_INT_CONVERSION = YES;
				CLANG_WARN_OBJC_ROOT_CLASS = YES_ERROR;
				CLANG_WARN_UNREACHABLE_CODE = YES;
				CLANG_WARN__DUPLICATE_METHOD_MATCH = YES;
				"CODE_SIGN_IDENTITY[sdk=iphoneos*]" = "iPhone Developer";
				COPY_PHASE_STRIP = NO;
				DEBUG_INFORMATION_FORMAT = "dwarf-with-dsym";
				ENABLE_NS_ASSERTIONS = NO;
				ENABLE_STRICT_OBJC_MSGSEND = YES;
				GCC_C_LANGUAGE_STANDARD = gnu99;
				GCC_NO_COMMON_BLOCKS = YES;
				GCC_WARN_64_TO_32_BIT_CONVERSION = YES;
				GCC_WARN_ABOUT_RETURN_TYPE = YES_ERROR;
				GCC_WARN_UNDECLARED_SELECTOR = YES;
				GCC_WARN_UNINITIALIZED_AUTOS = YES_AGGRESSIVE;
				GCC_WARN_UNUSED_FUNCTION = YES;
				GCC_WARN_UNUSED_VARIABLE = YES;
				IPHONEOS_DEPLOYMENT_TARGET = 9.0;
				MTL_ENABLE_DEBUG_INFO = NO;
				SDKROOT = iphoneos;
				TARGETED_DEVICE_FAMILY = "1,2";
				VALIDATE_PRODUCT = YES;
			};
			name = Release;
		};
		9AA3262B1BBDF31C00AEF4E1 /* Debug */ = {
			isa = XCBuildConfiguration;
			buildSettings = {
				ASSETCATALOG_COMPILER_APPICON_NAME = AppIcon;
				INFOPLIST_FILE = MovieDemo/Info.plist;
				LD_RUNPATH_SEARCH_PATHS = "$(inherited) @executable_path/Frameworks";
				PRODUCT_BUNDLE_IDENTIFIER = Dominion.MovieDemo;
				PRODUCT_NAME = "$(TARGET_NAME)";
			};
			name = Debug;
		};
		9AA3262C1BBDF31C00AEF4E1 /* Release */ = {
			isa = XCBuildConfiguration;
			buildSettings = {
				ASSETCATALOG_COMPILER_APPICON_NAME = AppIcon;
				INFOPLIST_FILE = MovieDemo/Info.plist;
				LD_RUNPATH_SEARCH_PATHS = "$(inherited) @executable_path/Frameworks";
				PRODUCT_BUNDLE_IDENTIFIER = Dominion.MovieDemo;
				PRODUCT_NAME = "$(TARGET_NAME)";
			};
			name = Release;
		};
/* End XCBuildConfiguration section */

/* Begin XCConfigurationList section */
		9AA3260B1BBDF31C00AEF4E1 /* Build configuration list for PBXProject "MovieDemo" */ = {
			isa = XCConfigurationList;
			buildConfigurations = (
				9AA326281BBDF31C00AEF4E1 /* Debug */,
				9AA326291BBDF31C00AEF4E1 /* Release */,
			);
			defaultConfigurationIsVisible = 0;
			defaultConfigurationName = Release;
		};
		9AA3262A1BBDF31C00AEF4E1 /* Build configuration list for PBXNativeTarget "MovieDemo" */ = {
			isa = XCConfigurationList;
			buildConfigurations = (
				9AA3262B1BBDF31C00AEF4E1 /* Debug */,
				9AA3262C1BBDF31C00AEF4E1 /* Release */,
			);
			defaultConfigurationIsVisible = 0;
		};
/* End XCConfigurationList section */

/* Begin XCVersionGroup section */
		9AA3261F1BBDF31C00AEF4E1 /* MovieDemo.xcdatamodeld */ = {
			isa = XCVersionGroup;
			children = (
				9AA326201BBDF31C00AEF4E1 /* MovieDemo.xcdatamodel */,
			);
			currentVersion = 9AA326201BBDF31C00AEF4E1 /* MovieDemo.xcdatamodel */;
			path = MovieDemo.xcdatamodeld;
			sourceTree = "<group>";
			versionGroupType = wrapper.xcdatamodel;
		};
/* End XCVersionGroup section */
	};
	rootObject = 9AA326081BBDF31C00AEF4E1 /* Project object */;
}
