// !$*UTF8*$!
{
	archiveVersion = 1;
	classes = {
	};
	objectVersion = 46;
	objects = {

/* Begin PBXBuildFile section */
		9A64E76F1BBC9A30000718DC /* main.m in Sources */ = {isa = PBXBuildFile; fileRef = 9A64E76E1BBC9A30000718DC /* main.m */; };
		9A64E7721BBC9A30000718DC /* AppDelegate.m in Sources */ = {isa = PBXBuildFile; fileRef = 9A64E7711BBC9A30000718DC /* AppDelegate.m */; };
		9A64E7751BBC9A30000718DC /* ViewController.m in Sources */ = {isa = PBXBuildFile; fileRef = 9A64E7741BBC9A30000718DC /* ViewController.m */; };
		9A64E7781BBC9A30000718DC /* Main.storyboard in Resources */ = {isa = PBXBuildFile; fileRef = 9A64E7761BBC9A30000718DC /* Main.storyboard */; };
		9A64E77A1BBC9A30000718DC /* Assets.xcassets in Resources */ = {isa = PBXBuildFile; fileRef = 9A64E7791BBC9A30000718DC /* Assets.xcassets */; };
		9A64E7881BBC9A30000718DC /* NavigationControllerDemoTests.m in Sources */ = {isa = PBXBuildFile; fileRef = 9A64E7871BBC9A30000718DC /* NavigationControllerDemoTests.m */; };
		9A64E7931BBC9A30000718DC /* NavigationControllerDemoUITests.m in Sources */ = {isa = PBXBuildFile; fileRef = 9A64E7921BBC9A30000718DC /* NavigationControllerDemoUITests.m */; };
		9A64E7A21BBC9ACE000718DC /* Page1ViewController.m in Sources */ = {isa = PBXBuildFile; fileRef = 9A64E7A11BBC9ACE000718DC /* Page1ViewController.m */; settings = {ASSET_TAGS = (); }; };
		9A64E7A71BBC9BAB000718DC /* Storyboard.storyboard in Resources */ = {isa = PBXBuildFile; fileRef = 9A64E7A61BBC9BAB000718DC /* Storyboard.storyboard */; settings = {ASSET_TAGS = (); }; };
/* End PBXBuildFile section */

/* Begin PBXContainerItemProxy section */
		9A64E7841BBC9A30000718DC /* PBXContainerItemProxy */ = {
			isa = PBXContainerItemProxy;
			containerPortal = 9A64E7621BBC9A30000718DC /* Project object */;
			proxyType = 1;
			remoteGlobalIDString = 9A64E7691BBC9A30000718DC;
			remoteInfo = NavigationControllerDemo;
		};
		9A64E78F1BBC9A30000718DC /* PBXContainerItemProxy */ = {
			isa = PBXContainerItemProxy;
			containerPortal = 9A64E7621BBC9A30000718DC /* Project object */;
			proxyType = 1;
			remoteGlobalIDString = 9A64E7691BBC9A30000718DC;
			remoteInfo = NavigationControllerDemo;
		};
/* End PBXContainerItemProxy section */

/* Begin PBXFileReference section */
		9A64E76A1BBC9A30000718DC /* NavigationControllerDemo.app */ = {isa = PBXFileReference; explicitFileType = wrapper.application; includeInIndex = 0; path = NavigationControllerDemo.app; sourceTree = BUILT_PRODUCTS_DIR; };
		9A64E76E1BBC9A30000718DC /* main.m */ = {isa = PBXFileReference; lastKnownFileType = sourcecode.c.objc; path = main.m; sourceTree = "<group>"; };
		9A64E7701BBC9A30000718DC /* AppDelegate.h */ = {isa = PBXFileReference; lastKnownFileType = sourcecode.c.h; path = AppDelegate.h; sourceTree = "<group>"; };
		9A64E7711BBC9A30000718DC /* AppDelegate.m */ = {isa = PBXFileReference; lastKnownFileType = sourcecode.c.objc; path = AppDelegate.m; sourceTree = "<group>"; };
		9A64E7731BBC9A30000718DC /* ViewController.h */ = {isa = PBXFileReference; lastKnownFileType = sourcecode.c.h; path = ViewController.h; sourceTree = "<group>"; };
		9A64E7741BBC9A30000718DC /* ViewController.m */ = {isa = PBXFileReference; lastKnownFileType = sourcecode.c.objc; path = ViewController.m; sourceTree = "<group>"; };
		9A64E7771BBC9A30000718DC /* Base */ = {isa = PBXFileReference; lastKnownFileType = file.storyboard; name = Base; path = Base.lproj/Main.storyboard; sourceTree = "<group>"; };
		9A64E7791BBC9A30000718DC /* Assets.xcassets */ = {isa = PBXFileReference; lastKnownFileType = folder.assetcatalog; path = Assets.xcassets; sourceTree = "<group>"; };
		9A64E77E1BBC9A30000718DC /* Info.plist */ = {isa = PBXFileReference; lastKnownFileType = text.plist.xml; path = Info.plist; sourceTree = "<group>"; };
		9A64E7831BBC9A30000718DC /* NavigationControllerDemoTests.xctest */ = {isa = PBXFileReference; explicitFileType = wrapper.cfbundle; includeInIndex = 0; path = NavigationControllerDemoTests.xctest; sourceTree = BUILT_PRODUCTS_DIR; };
		9A64E7871BBC9A30000718DC /* NavigationControllerDemoTests.m */ = {isa = PBXFileReference; lastKnownFileType = sourcecode.c.objc; path = NavigationControllerDemoTests.m; sourceTree = "<group>"; };
		9A64E7891BBC9A30000718DC /* Info.plist */ = {isa = PBXFileReference; lastKnownFileType = text.plist.xml; path = Info.plist; sourceTree = "<group>"; };
		9A64E78E1BBC9A30000718DC /* NavigationControllerDemoUITests.xctest */ = {isa = PBXFileReference; explicitFileType = wrapper.cfbundle; includeInIndex = 0; path = NavigationControllerDemoUITests.xctest; sourceTree = BUILT_PRODUCTS_DIR; };
		9A64E7921BBC9A30000718DC /* NavigationControllerDemoUITests.m */ = {isa = PBXFileReference; lastKnownFileType = sourcecode.c.objc; path = NavigationControllerDemoUITests.m; sourceTree = "<group>"; };
		9A64E7941BBC9A30000718DC /* Info.plist */ = {isa = PBXFileReference; lastKnownFileType = text.plist.xml; path = Info.plist; sourceTree = "<group>"; };
		9A64E7A01BBC9ACE000718DC /* Page1ViewController.h */ = {isa = PBXFileReference; fileEncoding = 4; lastKnownFileType = sourcecode.c.h; path = Page1ViewController.h; sourceTree = "<group>"; };
		9A64E7A11BBC9ACE000718DC /* Page1ViewController.m */ = {isa = PBXFileReference; fileEncoding = 4; lastKnownFileType = sourcecode.c.objc; path = Page1ViewController.m; sourceTree = "<group>"; };
		9A64E7A61BBC9BAB000718DC /* Storyboard.storyboard */ = {isa = PBXFileReference; fileEncoding = 4; lastKnownFileType = file.storyboard; path = Storyboard.storyboard; sourceTree = "<group>"; };
/* End PBXFileReference section */

/* Begin PBXFrameworksBuildPhase section */
		9A64E7671BBC9A30000718DC /* Frameworks */ = {
			isa = PBXFrameworksBuildPhase;
			buildActionMask = 2147483647;
			files = (
			);
			runOnlyForDeploymentPostprocessing = 0;
		};
		9A64E7801BBC9A30000718DC /* Frameworks */ = {
			isa = PBXFrameworksBuildPhase;
			buildActionMask = 2147483647;
			files = (
			);
			runOnlyForDeploymentPostprocessing = 0;
		};
		9A64E78B1BBC9A30000718DC /* Frameworks */ = {
			isa = PBXFrameworksBuildPhase;
			buildActionMask = 2147483647;
			files = (
			);
			runOnlyForDeploymentPostprocessing = 0;
		};
/* End PBXFrameworksBuildPhase section */

/* Begin PBXGroup section */
		9A64E7611BBC9A30000718DC = {
			isa = PBXGroup;
			children = (
				9A64E76C1BBC9A30000718DC /* NavigationControllerDemo */,
				9A64E7861BBC9A30000718DC /* NavigationControllerDemoTests */,
				9A64E7911BBC9A30000718DC /* NavigationControllerDemoUITests */,
				9A64E76B1BBC9A30000718DC /* Products */,
			);
			sourceTree = "<group>";
		};
		9A64E76B1BBC9A30000718DC /* Products */ = {
			isa = PBXGroup;
			children = (
				9A64E76A1BBC9A30000718DC /* NavigationControllerDemo.app */,
				9A64E7831BBC9A30000718DC /* NavigationControllerDemoTests.xctest */,
				9A64E78E1BBC9A30000718DC /* NavigationControllerDemoUITests.xctest */,
			);
			name = Products;
			sourceTree = "<group>";
		};
		9A64E76C1BBC9A30000718DC /* NavigationControllerDemo */ = {
			isa = PBXGroup;
			children = (
				9A64E7701BBC9A30000718DC /* AppDelegate.h */,
				9A64E7711BBC9A30000718DC /* AppDelegate.m */,
				9A64E7731BBC9A30000718DC /* ViewController.h */,
				9A64E7741BBC9A30000718DC /* ViewController.m */,
				9A64E7761BBC9A30000718DC /* Main.storyboard */,
				9A64E7791BBC9A30000718DC /* Assets.xcassets */,
				9A64E77E1BBC9A30000718DC /* Info.plist */,
				9A64E76D1BBC9A30000718DC /* Supporting Files */,
				9A64E7A01BBC9ACE000718DC /* Page1ViewController.h */,
				9A64E7A11BBC9ACE000718DC /* Page1ViewController.m */,
				9A64E7A61BBC9BAB000718DC /* Storyboard.storyboard */,
			);
			path = NavigationControllerDemo;
			sourceTree = "<group>";
		};
		9A64E76D1BBC9A30000718DC /* Supporting Files */ = {
			isa = PBXGroup;
			children = (
				9A64E76E1BBC9A30000718DC /* main.m */,
			);
			name = "Supporting Files";
			sourceTree = "<group>";
		};
		9A64E7861BBC9A30000718DC /* NavigationControllerDemoTests */ = {
			isa = PBXGroup;
			children = (
				9A64E7871BBC9A30000718DC /* NavigationControllerDemoTests.m */,
				9A64E7891BBC9A30000718DC /* Info.plist */,
			);
			path = NavigationControllerDemoTests;
			sourceTree = "<group>";
		};
		9A64E7911BBC9A30000718DC /* NavigationControllerDemoUITests */ = {
			isa = PBXGroup;
			children = (
				9A64E7921BBC9A30000718DC /* NavigationControllerDemoUITests.m */,
				9A64E7941BBC9A30000718DC /* Info.plist */,
			);
			path = NavigationControllerDemoUITests;
			sourceTree = "<group>";
		};
/* End PBXGroup section */

/* Begin PBXNativeTarget section */
		9A64E7691BBC9A30000718DC /* NavigationControllerDemo */ = {
			isa = PBXNativeTarget;
			buildConfigurationList = 9A64E7971BBC9A30000718DC /* Build configuration list for PBXNativeTarget "NavigationControllerDemo" */;
			buildPhases = (
				9A64E7661BBC9A30000718DC /* Sources */,
				9A64E7671BBC9A30000718DC /* Frameworks */,
				9A64E7681BBC9A30000718DC /* Resources */,
			);
			buildRules = (
			);
			dependencies = (
			);
			name = NavigationControllerDemo;
			productName = NavigationControllerDemo;
			productReference = 9A64E76A1BBC9A30000718DC /* NavigationControllerDemo.app */;
			productType = "com.apple.product-type.application";
		};
		9A64E7821BBC9A30000718DC /* NavigationControllerDemoTests */ = {
			isa = PBXNativeTarget;
			buildConfigurationList = 9A64E79A1BBC9A30000718DC /* Build configuration list for PBXNativeTarget "NavigationControllerDemoTests" */;
			buildPhases = (
				9A64E77F1BBC9A30000718DC /* Sources */,
				9A64E7801BBC9A30000718DC /* Frameworks */,
				9A64E7811BBC9A30000718DC /* Resources */,
			);
			buildRules = (
			);
			dependencies = (
				9A64E7851BBC9A30000718DC /* PBXTargetDependency */,
			);
			name = NavigationControllerDemoTests;
			productName = NavigationControllerDemoTests;
			productReference = 9A64E7831BBC9A30000718DC /* NavigationControllerDemoTests.xctest */;
			productType = "com.apple.product-type.bundle.unit-test";
		};
		9A64E78D1BBC9A30000718DC /* NavigationControllerDemoUITests */ = {
			isa = PBXNativeTarget;
			buildConfigurationList = 9A64E79D1BBC9A30000718DC /* Build configuration list for PBXNativeTarget "NavigationControllerDemoUITests" */;
			buildPhases = (
				9A64E78A1BBC9A30000718DC /* Sources */,
				9A64E78B1BBC9A30000718DC /* Frameworks */,
				9A64E78C1BBC9A30000718DC /* Resources */,
			);
			buildRules = (
			);
			dependencies = (
				9A64E7901BBC9A30000718DC /* PBXTargetDependency */,
			);
			name = NavigationControllerDemoUITests;
			productName = NavigationControllerDemoUITests;
			productReference = 9A64E78E1BBC9A30000718DC /* NavigationControllerDemoUITests.xctest */;
			productType = "com.apple.product-type.bundle.ui-testing";
		};
/* End PBXNativeTarget section */

/* Begin PBXProject section */
		9A64E7621BBC9A30000718DC /* Project object */ = {
			isa = PBXProject;
			attributes = {
				LastUpgradeCheck = 0700;
				ORGANIZATIONNAME = "Hugo Aguero";
				TargetAttributes = {
					9A64E7691BBC9A30000718DC = {
						CreatedOnToolsVersion = 7.0;
					};
					9A64E7821BBC9A30000718DC = {
						CreatedOnToolsVersion = 7.0;
						TestTargetID = 9A64E7691BBC9A30000718DC;
					};
					9A64E78D1BBC9A30000718DC = {
						CreatedOnToolsVersion = 7.0;
						TestTargetID = 9A64E7691BBC9A30000718DC;
					};
				};
			};
			buildConfigurationList = 9A64E7651BBC9A30000718DC /* Build configuration list for PBXProject "NavigationControllerDemo" */;
			compatibilityVersion = "Xcode 3.2";
			developmentRegion = English;
			hasScannedForEncodings = 0;
			knownRegions = (
				en,
				Base,
			);
			mainGroup = 9A64E7611BBC9A30000718DC;
			productRefGroup = 9A64E76B1BBC9A30000718DC /* Products */;
			projectDirPath = "";
			projectRoot = "";
			targets = (
				9A64E7691BBC9A30000718DC /* NavigationControllerDemo */,
				9A64E7821BBC9A30000718DC /* NavigationControllerDemoTests */,
				9A64E78D1BBC9A30000718DC /* NavigationControllerDemoUITests */,
			);
		};
/* End PBXProject section */

/* Begin PBXResourcesBuildPhase section */
		9A64E7681BBC9A30000718DC /* Resources */ = {
			isa = PBXResourcesBuildPhase;
			buildActionMask = 2147483647;
			files = (
				9A64E7A71BBC9BAB000718DC /* Storyboard.storyboard in Resources */,
				9A64E77A1BBC9A30000718DC /* Assets.xcassets in Resources */,
				9A64E7781BBC9A30000718DC /* Main.storyboard in Resources */,
			);
			runOnlyForDeploymentPostprocessing = 0;
		};
		9A64E7811BBC9A30000718DC /* Resources */ = {
			isa = PBXResourcesBuildPhase;
			buildActionMask = 2147483647;
			files = (
			);
			runOnlyForDeploymentPostprocessing = 0;
		};
		9A64E78C1BBC9A30000718DC /* Resources */ = {
			isa = PBXResourcesBuildPhase;
			buildActionMask = 2147483647;
			files = (
			);
			runOnlyForDeploymentPostprocessing = 0;
		};
/* End PBXResourcesBuildPhase section */

/* Begin PBXSourcesBuildPhase section */
		9A64E7661BBC9A30000718DC /* Sources */ = {
			isa = PBXSourcesBuildPhase;
			buildActionMask = 2147483647;
			files = (
				9A64E7751BBC9A30000718DC /* ViewController.m in Sources */,
				9A64E7A21BBC9ACE000718DC /* Page1ViewController.m in Sources */,
				9A64E7721BBC9A30000718DC /* AppDelegate.m in Sources */,
				9A64E76F1BBC9A30000718DC /* main.m in Sources */,
			);
			runOnlyForDeploymentPostprocessing = 0;
		};
		9A64E77F1BBC9A30000718DC /* Sources */ = {
			isa = PBXSourcesBuildPhase;
			buildActionMask = 2147483647;
			files = (
				9A64E7881BBC9A30000718DC /* NavigationControllerDemoTests.m in Sources */,
			);
			runOnlyForDeploymentPostprocessing = 0;
		};
		9A64E78A1BBC9A30000718DC /* Sources */ = {
			isa = PBXSourcesBuildPhase;
			buildActionMask = 2147483647;
			files = (
				9A64E7931BBC9A30000718DC /* NavigationControllerDemoUITests.m in Sources */,
			);
			runOnlyForDeploymentPostprocessing = 0;
		};
/* End PBXSourcesBuildPhase section */

/* Begin PBXTargetDependency section */
		9A64E7851BBC9A30000718DC /* PBXTargetDependency */ = {
			isa = PBXTargetDependency;
			target = 9A64E7691BBC9A30000718DC /* NavigationControllerDemo */;
			targetProxy = 9A64E7841BBC9A30000718DC /* PBXContainerItemProxy */;
		};
		9A64E7901BBC9A30000718DC /* PBXTargetDependency */ = {
			isa = PBXTargetDependency;
			target = 9A64E7691BBC9A30000718DC /* NavigationControllerDemo */;
			targetProxy = 9A64E78F1BBC9A30000718DC /* PBXContainerItemProxy */;
		};
/* End PBXTargetDependency section */

/* Begin PBXVariantGroup section */
		9A64E7761BBC9A30000718DC /* Main.storyboard */ = {
			isa = PBXVariantGroup;
			children = (
				9A64E7771BBC9A30000718DC /* Base */,
			);
			name = Main.storyboard;
			sourceTree = "<group>";
		};
/* End PBXVariantGroup section */

/* Begin XCBuildConfiguration section */
		9A64E7951BBC9A30000718DC /* Debug */ = {
			isa = XCBuildConfiguration;
			buildSettings = {
				ALWAYS_SEARCH_USER_PATHS = NO;
				CLANG_CXX_LANGUAGE_STANDARD = "gnu++0x";
				CLANG_CXX_LIBRARY = "libc++";
				CLANG_ENABLE_MODULES = YES;
				CLANG_ENABLE_OBJC_ARC = YES;
				CLANG_WARN_BOOL_CONVERSION = YES;
				CLANG_WARN_CONSTANT_CONVERSION = YES;
				CLANG_WARN_DIRECT_OBJC_ISA_USAGE = YES_ERROR;
				CLANG_WARN_EMPTY_BODY = YES;
				CLANG_WARN_ENUM_CONVERSION = YES;
				CLANG_WARN_INT_CONVERSION = YES;
				CLANG_WARN_OBJC_ROOT_CLASS = YES_ERROR;
				CLANG_WARN_UNREACHABLE_CODE = YES;
				CLANG_WARN__DUPLICATE_METHOD_MATCH = YES;
				"CODE_SIGN_IDENTITY[sdk=iphoneos*]" = "iPhone Developer";
				COPY_PHASE_STRIP = NO;
				DEBUG_INFORMATION_FORMAT = dwarf;
				ENABLE_STRICT_OBJC_MSGSEND = YES;
				ENABLE_TESTABILITY = YES;
				GCC_C_LANGUAGE_STANDARD = gnu99;
				GCC_DYNAMIC_NO_PIC = NO;
				GCC_NO_COMMON_BLOCKS = YES;
				GCC_OPTIMIZATION_LEVEL = 0;
				GCC_PREPROCESSOR_DEFINITIONS = (
					"DEBUG=1",
					"$(inherited)",
				);
				GCC_WARN_64_TO_32_BIT_CONVERSION = YES;
				GCC_WARN_ABOUT_RETURN_TYPE = YES_ERROR;
				GCC_WARN_UNDECLARED_SELECTOR = YES;
				GCC_WARN_UNINITIALIZED_AUTOS = YES_AGGRESSIVE;
				GCC_WARN_UNUSED_FUNCTION = YES;
				GCC_WARN_UNUSED_VARIABLE = YES;
				IPHONEOS_DEPLOYMENT_TARGET = 9.0;
				MTL_ENABLE_DEBUG_INFO = YES;
				ONLY_ACTIVE_ARCH = YES;
				SDKROOT = iphoneos;
				TARGETED_DEVICE_FAMILY = "1,2";
			};
			name = Debug;
		};
		9A64E7961BBC9A30000718DC /* Release */ = {
			isa = XCBuildConfiguration;
			buildSettings = {
				ALWAYS_SEARCH_USER_PATHS = NO;
				CLANG_CXX_LANGUAGE_STANDARD = "gnu++0x";
				CLANG_CXX_LIBRARY = "libc++";
				CLANG_ENABLE_MODULES = YES;
				CLANG_ENABLE_OBJC_ARC = YES;
				CLANG_WARN_BOOL_CONVERSION = YES;
				CLANG_WARN_CONSTANT_CONVERSION = YES;
				CLANG_WARN_DIRECT_OBJC_ISA_USAGE = YES_ERROR;
				CLANG_WARN_EMPTY_BODY = YES;
				CLANG_WARN_ENUM_CONVERSION = YES;
				CLANG_WARN_INT_CONVERSION = YES;
				CLANG_WARN_OBJC_ROOT_CLASS = YES_ERROR;
				CLANG_WARN_UNREACHABLE_CODE = YES;
				CLANG_WARN__DUPLICATE_METHOD_MATCH = YES;
				"CODE_SIGN_IDENTITY[sdk=iphoneos*]" = "iPhone Developer";
				COPY_PHASE_STRIP = NO;
				DEBUG_INFORMATION_FORMAT = "dwarf-with-dsym";
				ENABLE_NS_ASSERTIONS = NO;
				ENABLE_STRICT_OBJC_MSGSEND = YES;
				GCC_C_LANGUAGE_STANDARD = gnu99;
				GCC_NO_COMMON_BLOCKS = YES;
				GCC_WARN_64_TO_32_BIT_CONVERSION = YES;
				GCC_WARN_ABOUT_RETURN_TYPE = YES_ERROR;
				GCC_WARN_UNDECLARED_SELECTOR = YES;
				GCC_WARN_UNINITIALIZED_AUTOS = YES_AGGRESSIVE;
				GCC_WARN_UNUSED_FUNCTION = YES;
				GCC_WARN_UNUSED_VARIABLE = YES;
				IPHONEOS_DEPLOYMENT_TARGET = 9.0;
				MTL_ENABLE_DEBUG_INFO = NO;
				SDKROOT = iphoneos;
				TARGETED_DEVICE_FAMILY = "1,2";
				VALIDATE_PRODUCT = YES;
			};
			name = Release;
		};
		9A64E7981BBC9A30000718DC /* Debug */ = {
			isa = XCBuildConfiguration;
			buildSettings = {
				ASSETCATALOG_COMPILER_APPICON_NAME = AppIcon;
				INFOPLIST_FILE = NavigationControllerDemo/Info.plist;
				LD_RUNPATH_SEARCH_PATHS = "$(inherited) @executable_path/Frameworks";
				PRODUCT_BUNDLE_IDENTIFIER = Dominion.NavigationControllerDemo;
				PRODUCT_NAME = "$(TARGET_NAME)";
			};
			name = Debug;
		};
		9A64E7991BBC9A30000718DC /* Release */ = {
			isa = XCBuildConfiguration;
			buildSettings = {
				ASSETCATALOG_COMPILER_APPICON_NAME = AppIcon;
				INFOPLIST_FILE = NavigationControllerDemo/Info.plist;
				LD_RUNPATH_SEARCH_PATHS = "$(inherited) @executable_path/Frameworks";
				PRODUCT_BUNDLE_IDENTIFIER = Dominion.NavigationControllerDemo;
				PRODUCT_NAME = "$(TARGET_NAME)";
			};
			name = Release;
		};
		9A64E79B1BBC9A30000718DC /* Debug */ = {
			isa = XCBuildConfiguration;
			buildSettings = {
				BUNDLE_LOADER = "$(TEST_HOST)";
				INFOPLIST_FILE = NavigationControllerDemoTests/Info.plist;
				LD_RUNPATH_SEARCH_PATHS = "$(inherited) @executable_path/Frameworks @loader_path/Frameworks";
				PRODUCT_BUNDLE_IDENTIFIER = Dominion.NavigationControllerDemoTests;
				PRODUCT_NAME = "$(TARGET_NAME)";
				TEST_HOST = "$(BUILT_PRODUCTS_DIR)/NavigationControllerDemo.app/NavigationControllerDemo";
			};
			name = Debug;
		};
		9A64E79C1BBC9A30000718DC /* Release */ = {
			isa = XCBuildConfiguration;
			buildSettings = {
				BUNDLE_LOADER = "$(TEST_HOST)";
				INFOPLIST_FILE = NavigationControllerDemoTests/Info.plist;
				LD_RUNPATH_SEARCH_PATHS = "$(inherited) @executable_path/Frameworks @loader_path/Frameworks";
				PRODUCT_BUNDLE_IDENTIFIER = Dominion.NavigationControllerDemoTests;
				PRODUCT_NAME = "$(TARGET_NAME)";
				TEST_HOST = "$(BUILT_PRODUCTS_DIR)/NavigationControllerDemo.app/NavigationControllerDemo";
			};
			name = Release;
		};
		9A64E79E1BBC9A30000718DC /* Debug */ = {
			isa = XCBuildConfiguration;
			buildSettings = {
				INFOPLIST_FILE = NavigationControllerDemoUITests/Info.plist;
				LD_RUNPATH_SEARCH_PATHS = "$(inherited) @executable_path/Frameworks @loader_path/Frameworks";
				PRODUCT_BUNDLE_IDENTIFIER = Dominion.NavigationControllerDemoUITests;
				PRODUCT_NAME = "$(TARGET_NAME)";
				TEST_TARGET_NAME = NavigationControllerDemo;
				USES_XCTRUNNER = YES;
			};
			name = Debug;
		};
		9A64E79F1BBC9A30000718DC /* Release */ = {
			isa = XCBuildConfiguration;
			buildSettings = {
				INFOPLIST_FILE = NavigationControllerDemoUITests/Info.plist;
				LD_RUNPATH_SEARCH_PATHS = "$(inherited) @executable_path/Frameworks @loader_path/Frameworks";
				PRODUCT_BUNDLE_IDENTIFIER = Dominion.NavigationControllerDemoUITests;
				PRODUCT_NAME = "$(TARGET_NAME)";
				TEST_TARGET_NAME = NavigationControllerDemo;
				USES_XCTRUNNER = YES;
			};
			name = Release;
		};
/* End XCBuildConfiguration section */

/* Begin XCConfigurationList section */
		9A64E7651BBC9A30000718DC /* Build configuration list for PBXProject "NavigationControllerDemo" */ = {
			isa = XCConfigurationList;
			buildConfigurations = (
				9A64E7951BBC9A30000718DC /* Debug */,
				9A64E7961BBC9A30000718DC /* Release */,
			);
			defaultConfigurationIsVisible = 0;
			defaultConfigurationName = Release;
		};
		9A64E7971BBC9A30000718DC /* Build configuration list for PBXNativeTarget "NavigationControllerDemo" */ = {
			isa = XCConfigurationList;
			buildConfigurations = (
				9A64E7981BBC9A30000718DC /* Debug */,
				9A64E7991BBC9A30000718DC /* Release */,
			);
			defaultConfigurationIsVisible = 0;
			defaultConfigurationName = Release;
		};
		9A64E79A1BBC9A30000718DC /* Build configuration list for PBXNativeTarget "NavigationControllerDemoTests" */ = {
			isa = XCConfigurationList;
			buildConfigurations = (
				9A64E79B1BBC9A30000718DC /* Debug */,
				9A64E79C1BBC9A30000718DC /* Release */,
			);
			defaultConfigurationIsVisible = 0;
			defaultConfigurationName = Release;
		};
		9A64E79D1BBC9A30000718DC /* Build configuration list for PBXNativeTarget "NavigationControllerDemoUITests" */ = {
			isa = XCConfigurationList;
			buildConfigurations = (
				9A64E79E1BBC9A30000718DC /* Debug */,
				9A64E79F1BBC9A30000718DC /* Release */,
			);
			defaultConfigurationIsVisible = 0;
			defaultConfigurationName = Release;
		};
/* End XCConfigurationList section */
	};
	rootObject = 9A64E7621BBC9A30000718DC /* Project object */;
}
